{
  "nodes": {
    "disko": {
      "inputs": {
        "nixpkgs": "nixpkgs"
      },
      "locked": {
        "lastModified": 1749436314,
        "narHash": "sha256-CqmqU5FRg5AadtIkxwu8ulDSOSoIisUMZRLlcED3Q5w=",
        "owner": "nix-community",
        "repo": "disko",
        "rev": "dfa4d1b9c39c0342ef133795127a3af14598017a",
        "type": "github"
      },
      "original": {
        "id": "disko",
        "type": "indirect"
      }
    },
    "firefox-addons": {
      "inputs": {
        "nixpkgs": [
          "nixpkgs"
        ]
      },
      "locked": {
        "dir": "pkgs/firefox-addons",
        "lastModified": 1749614614,
        "narHash": "sha256-/193T5cui6RiXWn+bqKDwNt4A1zRYjzTI2g1XLrxVRk=",
        "owner": "rycee",
        "repo": "nur-expressions",
        "rev": "78ce8a0ab9e72a4127472e6343a92a33fbd12691",
        "type": "gitlab"
      },
      "original": {
        "dir": "pkgs/firefox-addons",
        "owner": "rycee",
        "repo": "nur-expressions",
        "type": "gitlab"
      }
    },
    "home-manager": {
      "inputs": {
        "nixpkgs": [
          "nixpkgs"
        ]
      },
      "locked": {
        "lastModified": 1749154018,
        "narHash": "sha256-gjN3j7joRvT3a8Zgcylnd4NFsnXeDBumqiu4HmY1RIg=",
        "owner": "nix-community",
        "repo": "home-manager",
        "rev": "7aae0ee71a17b19708b93b3ed448a1a0952bf111",
        "type": "github"
      },
      "original": {
        "owner": "nix-community",
        "ref": "release-25.05",
        "repo": "home-manager",
        "type": "github"
      }
    },
    "nixos-hardware": {
      "locked": {
        "lastModified": 1749195551,
        "narHash": "sha256-W5GKQHgunda/OP9sbKENBZhMBDNu2QahoIPwnsF6CeM=",
        "owner": "NixOS",
        "repo": "nixos-hardware",
        "rev": "4602f7e1d3f197b3cb540d5accf5669121629628",
        "type": "github"
      },
      "original": {
        "owner": "NixOS",
        "ref": "master",
        "repo": "nixos-hardware",
        "type": "github"
      }
    },
    "nixpkgs": {
      "locked": {
        "lastModified": 1749401433,
        "narHash": "sha256-HXIQzULIG/MEUW2Q/Ss47oE3QrjxvpUX7gUl4Xp6lnc=",
        "owner": "NixOS",
        "repo": "nixpkgs",
        "rev": "08fcb0dcb59df0344652b38ea6326a2d8271baff",
        "type": "github"
      },
      "original": {
        "owner": "NixOS",
        "ref": "nixpkgs-unstable",
        "repo": "nixpkgs",
        "type": "github"
      }
    },
    "nixpkgs_2": {
      "locked": {
        "lastModified": 1749494155,
        "narHash": "sha256-FG4DEYBpROupu758beabUk9lhrblSf5hnv84v1TLqMc=",
        "owner": "nixos",
        "repo": "nixpkgs",
        "rev": "88331c17ba434359491e8d5889cce872464052c2",
        "type": "github"
      },
      "original": {
        "owner": "nixos",
        "ref": "nixos-25.05",
        "repo": "nixpkgs",
        "type": "github"
      }
    },
    "plasma-manager": {
      "inputs": {
        "home-manager": [
          "home-manager"
        ],
        "nixpkgs": [
          "nixpkgs"
        ]
      },
      "locked": {
        "lastModified": 1748196248,
        "narHash": "sha256-1iHjsH6/5UOerJEoZKE+Gx1BgAoge/YcnUsOA4wQ/BU=",
        "owner": "nix-community",
        "repo": "plasma-manager",
        "rev": "b7697abe89967839b273a863a3805345ea54ab56",
        "type": "github"
      },
      "original": {
        "owner": "nix-community",
        "repo": "plasma-manager",
        "type": "github"
      }
    },
    "private-modules": {
      "inputs": {
        "nixpkgs": [
          "nixpkgs"
        ]
      },
      "locked": {
        "lastModified": 1748709266,
        "narHash": "sha256-nSQcHUlhaSMDUInA7HmPZMzIjC4IgCZe/Egta0xS3Gs=",
        "ref": "refs/heads/main",
        "rev": "bdca8b2ad73678ea65debb741ae3094df53d98d0",
        "revCount": 7,
        "type": "git",
        "url": "http://gitea.home/janos/nixos-config"
      },
      "original": {
        "type": "git",
        "url": "http://gitea.home/janos/nixos-config"
      }
    },
    "root": {
      "inputs": {
        "disko": "disko",
        "firefox-addons": "firefox-addons",
        "home-manager": "home-manager",
        "nixos-hardware": "nixos-hardware",
        "nixpkgs": "nixpkgs_2",
        "plasma-manager": "plasma-manager",
        "private-modules": "private-modules",
        "vim-arpeggio": "vim-arpeggio",
        "vim-bundler": "vim-bundler",
        "vim-nerdtree-l-open-h-close": "vim-nerdtree-l-open-h-close",
        "vimux-ruby-test": "vimux-ruby-test"
      }
    },
    "vim-arpeggio": {
      "flake": false,
      "locked": {
        "lastModified": 1597883245,
        "narHash": "sha256-volgKWr1mNwmvOQQEw7feBztmpDVyPJG1n+OI8L1BRA=",
        "owner": "kana",
        "repo": "vim-arpeggio",
        "rev": "01c8fc1a72ef58e490ee0490c65ee313b1b6e843",
        "type": "github"
      },
      "original": {
        "owner": "kana",
        "repo": "vim-arpeggio",
        "type": "github"
      }
    },
    "vim-bundler": {
      "flake": false,
      "locked": {
        "lastModified": 1693086479,
        "narHash": "sha256-z8ZQhCITVxW+RShX5drAQm4aKFWT5K3yw72nBcwVGa4=",
        "owner": "tpope",
        "repo": "vim-bundler",
        "rev": "c261509e78fc8dc55ad1fcf3cd7cdde49f35435c",
        "type": "github"
      },
      "original": {
        "owner": "tpope",
        "repo": "vim-bundler",
        "type": "github"
      }
    },
    "vim-nerdtree-l-open-h-close": {
      "flake": false,
      "locked": {
        "lastModified": 1551118091,
        "narHash": "sha256-PvPmh6xw1LPSAyXO6cjpePUjuqs/kbi6/RAn+PFXJg4=",
        "owner": "flw-cn",
        "repo": "vim-nerdtree-l-open-h-close",
        "rev": "aed8774ee70ef93c13da5e0edd10de48213a061b",
        "type": "github"
      },
      "original": {
        "owner": "flw-cn",
        "repo": "vim-nerdtree-l-open-h-close",
        "type": "github"
      }
    },
    "vimux-ruby-test": {
      "flake": false,
      "locked": {
        "lastModified": 1734354707,
        "narHash": "sha256-Eu1lyVAZsdhCyFee7j/iTFlBdfIEM/kc97HhDKq/o5k=",
        "owner": "janospapp",
        "repo": "vimux-ruby-test",
        "rev": "24b5df46c19933657410fc73e981035e29774ada",
        "type": "github"
      },
      "original": {
        "owner": "janospapp",
        "repo": "vimux-ruby-test",
        "type": "github"
      }
    }
  },
  "root": "root",
  "version": 7
}
