{
  "nodes": {
    "disko": {
      "inputs": {
        "nixpkgs": "nixpkgs"
      },
      "locked": {
        "lastModified": 1760701190,
        "narHash": "sha256-y7UhnWlER8r776JsySqsbTUh2Txf7K30smfHlqdaIQw=",
        "owner": "nix-community",
        "repo": "disko",
        "rev": "3a9450b26e69dcb6f8de6e2b07b3fc1c288d85f5",
        "type": "github"
      },
      "original": {
        "id": "disko",
        "type": "indirect"
      }
    },
    "firefox-addons": {
      "inputs": {
        "nixpkgs": [
          "nixpkgs"
        ]
      },
      "locked": {
        "dir": "pkgs/firefox-addons",
        "lastModified": 1761019419,
        "narHash": "sha256-lOzy4BGZtPxxNOzDEwfy3lcb7enl53f1wYP/JVWwSHg=",
        "owner": "rycee",
        "repo": "nur-expressions",
        "rev": "727c8a012382db77e14d72ce1fe4e19be3206ce6",
        "type": "gitlab"
      },
      "original": {
        "dir": "pkgs/firefox-addons",
        "owner": "rycee",
        "repo": "nur-expressions",
        "type": "gitlab"
      }
    },
    "home-manager": {
      "inputs": {
        "nixpkgs": [
          "nixpkgs"
        ]
      },
      "locked": {
        "lastModified": 1758463745,
        "narHash": "sha256-uhzsV0Q0I9j2y/rfweWeGif5AWe0MGrgZ/3TjpDYdGA=",
        "owner": "nix-community",
        "repo": "home-manager",
        "rev": "3b955f5f0a942f9f60cdc9cacb7844335d0f21c3",
        "type": "github"
      },
      "original": {
        "owner": "nix-community",
        "ref": "release-25.05",
        "repo": "home-manager",
        "type": "github"
      }
    },
    "nixarr": {
      "inputs": {
        "nixpkgs": "nixpkgs_2",
        "vpnconfinement": "vpnconfinement",
        "website-builder": "website-builder"
      },
      "locked": {
        "lastModified": 1755601892,
        "narHash": "sha256-4FECnCcaUVQHnocuuu/KRldPW2yj7hFpd1F7bfWxTxY=",
        "owner": "rasmus-kirk",
        "repo": "nixarr",
        "rev": "c6cd890fa028ec2a8d735a121cb0a161d265101c",
        "type": "github"
      },
      "original": {
        "owner": "rasmus-kirk",
        "repo": "nixarr",
        "type": "github"
      }
    },
    "nixos-hardware": {
      "locked": {
        "lastModified": 1760958188,
        "narHash": "sha256-2m1S4jl+GEDtlt2QqeHil8Ny456dcGSKJAM7q3j/BFU=",
        "owner": "NixOS",
        "repo": "nixos-hardware",
        "rev": "d6645c340ef7d821602fd2cd199e8d1eed10afbc",
        "type": "github"
      },
      "original": {
        "owner": "NixOS",
        "ref": "master",
        "repo": "nixos-hardware",
        "type": "github"
      }
    },
    "nixpkgs": {
      "locked": {
        "lastModified": 1752596105,
        "narHash": "sha256-lFNVsu/mHLq3q11MuGkMhUUoSXEdQjCHvpReaGP1S2k=",
        "owner": "NixOS",
        "repo": "nixpkgs",
        "rev": "dab3a6e781554f965bde3def0aa2fda4eb8f1708",
        "type": "github"
      },
      "original": {
        "owner": "NixOS",
        "ref": "nixpkgs-unstable",
        "repo": "nixpkgs",
        "type": "github"
      }
    },
    "nixpkgs-unstable": {
      "locked": {
        "lastModified": 1760878510,
        "narHash": "sha256-K5Osef2qexezUfs0alLvZ7nQFTGS9DL2oTVsIXsqLgs=",
        "owner": "nixos",
        "repo": "nixpkgs",
        "rev": "5e2a59a5b1a82f89f2c7e598302a9cacebb72a67",
        "type": "github"
      },
      "original": {
        "owner": "nixos",
        "ref": "nixos-unstable",
        "repo": "nixpkgs",
        "type": "github"
      }
    },
    "nixpkgs_2": {
      "locked": {
        "lastModified": 1748662220,
        "narHash": "sha256-7gGa49iB9nCnFk4h/g9zwjlQAyjtpgcFkODjcOQS0Es=",
        "owner": "nixos",
        "repo": "nixpkgs",
        "rev": "59138c7667b7970d205d6a05a8bfa2d78caa3643",
        "type": "github"
      },
      "original": {
        "owner": "nixos",
        "ref": "nixpkgs-unstable",
        "repo": "nixpkgs",
        "type": "github"
      }
    },
    "nixpkgs_3": {
      "locked": {
        "lastModified": 1760862643,
        "narHash": "sha256-PXwG0TM7Ek87DNx4LbGWuD93PbFeKAJs4FfALtp7Wo0=",
        "owner": "nixos",
        "repo": "nixpkgs",
        "rev": "33c6dca0c0cb31d6addcd34e90a63ad61826b28c",
        "type": "github"
      },
      "original": {
        "owner": "nixos",
        "ref": "nixos-25.05",
        "repo": "nixpkgs",
        "type": "github"
      }
    },
    "plasma-manager": {
      "inputs": {
        "home-manager": [
          "home-manager"
        ],
        "nixpkgs": [
          "nixpkgs"
        ]
      },
      "locked": {
        "lastModified": 1761078382,
        "narHash": "sha256-JNJesbe9MMN1Brq41BHEpuH+Z+Zg74y/nI5AFZX84Vw=",
        "owner": "nix-community",
        "repo": "plasma-manager",
        "rev": "27dfa61b64d0cdb8e4ba6f3aaa4d4e067d64cb5c",
        "type": "github"
      },
      "original": {
        "owner": "nix-community",
        "repo": "plasma-manager",
        "type": "github"
      }
    },
    "private-modules": {
      "inputs": {
        "nixpkgs": [
          "nixpkgs"
        ]
      },
      "locked": {
        "lastModified": 1751376909,
        "narHash": "sha256-3V6X3L/Cgf2D8/YX4sbFLRgrTXLsA6/J/jSxicoCS+s=",
        "ref": "refs/heads/main",
        "rev": "81732112bd6a33aef09b8d06731711611fffff43",
        "revCount": 10,
        "type": "git",
        "url": "http://gitea.home/janos/nixos-config"
      },
      "original": {
        "type": "git",
        "url": "http://gitea.home/janos/nixos-config"
      }
    },
    "root": {
      "inputs": {
        "disko": "disko",
        "firefox-addons": "firefox-addons",
        "home-manager": "home-manager",
        "nixarr": "nixarr",
        "nixos-hardware": "nixos-hardware",
        "nixpkgs": "nixpkgs_3",
        "nixpkgs-unstable": "nixpkgs-unstable",
        "plasma-manager": "plasma-manager",
        "private-modules": "private-modules",
        "vim-arpeggio": "vim-arpeggio",
        "vim-bundler": "vim-bundler",
        "vim-nerdtree-l-open-h-close": "vim-nerdtree-l-open-h-close",
        "vimux-ruby-test": "vimux-ruby-test"
      }
    },
    "vim-arpeggio": {
      "flake": false,
      "locked": {
        "lastModified": 1597883245,
        "narHash": "sha256-volgKWr1mNwmvOQQEw7feBztmpDVyPJG1n+OI8L1BRA=",
        "owner": "kana",
        "repo": "vim-arpeggio",
        "rev": "01c8fc1a72ef58e490ee0490c65ee313b1b6e843",
        "type": "github"
      },
      "original": {
        "owner": "kana",
        "repo": "vim-arpeggio",
        "type": "github"
      }
    },
    "vim-bundler": {
      "flake": false,
      "locked": {
        "lastModified": 1693086479,
        "narHash": "sha256-z8ZQhCITVxW+RShX5drAQm4aKFWT5K3yw72nBcwVGa4=",
        "owner": "tpope",
        "repo": "vim-bundler",
        "rev": "c261509e78fc8dc55ad1fcf3cd7cdde49f35435c",
        "type": "github"
      },
      "original": {
        "owner": "tpope",
        "repo": "vim-bundler",
        "type": "github"
      }
    },
    "vim-nerdtree-l-open-h-close": {
      "flake": false,
      "locked": {
        "lastModified": 1551118091,
        "narHash": "sha256-PvPmh6xw1LPSAyXO6cjpePUjuqs/kbi6/RAn+PFXJg4=",
        "owner": "flw-cn",
        "repo": "vim-nerdtree-l-open-h-close",
        "rev": "aed8774ee70ef93c13da5e0edd10de48213a061b",
        "type": "github"
      },
      "original": {
        "owner": "flw-cn",
        "repo": "vim-nerdtree-l-open-h-close",
        "type": "github"
      }
    },
    "vimux-ruby-test": {
      "flake": false,
      "locked": {
        "lastModified": 1734354707,
        "narHash": "sha256-Eu1lyVAZsdhCyFee7j/iTFlBdfIEM/kc97HhDKq/o5k=",
        "owner": "janospapp",
        "repo": "vimux-ruby-test",
        "rev": "24b5df46c19933657410fc73e981035e29774ada",
        "type": "github"
      },
      "original": {
        "owner": "janospapp",
        "repo": "vimux-ruby-test",
        "type": "github"
      }
    },
    "vpnconfinement": {
      "locked": {
        "lastModified": 1743810720,
        "narHash": "sha256-kbv/W4gizUSa6qH2rUQdgPj9AJaeN9k2XSWUYqj7IMU=",
        "owner": "Maroka-chan",
        "repo": "VPN-Confinement",
        "rev": "74ae51e6d18b972ecc918ab43e8bde60c21a65d8",
        "type": "github"
      },
      "original": {
        "owner": "Maroka-chan",
        "repo": "VPN-Confinement",
        "type": "github"
      }
    },
    "website-builder": {
      "inputs": {
        "nixpkgs": [
          "nixarr",
          "nixpkgs"
        ]
      },
      "locked": {
        "lastModified": 1750317638,
        "narHash": "sha256-B4RWcXXOLO6gMeYyV+K4olu+kGGsYamKH+JAm0cIXqI=",
        "owner": "rasmus-kirk",
        "repo": "website-builder",
        "rev": "b54192000a00e865947f45bacf3184d56363ee38",
        "type": "github"
      },
      "original": {
        "owner": "rasmus-kirk",
        "repo": "website-builder",
        "type": "github"
      }
    }
  },
  "root": "root",
  "version": 7
}
